
Microsoft Visual Studio Solution File, Format Version 12.00
# Visual Studio Version 16
VisualStudioVersion = 16.0.36422.26
MinimumVisualStudioVersion = 10.0.40219.1
Project("{FAE04EC0-301F-11D3-BF4B-00C04F79EFBC}") = "Image Slideshow Project", "Image Slideshow Project.csproj", "{A5B43629-F380-4329-B579-B44536D38844}"
EndProject
Global
	GlobalSection(SolutionConfigurationPlatforms) = preSolution
		Debug|Any CPU = Debug|Any CPU
		Release|Any CPU = Release|Any CPU
	EndGlobalSection
	GlobalSection(ProjectConfigurationPlatforms) = postSolution
		{A5B43629-F380-4329-B579-B44536D38844}.Debug|Any CPU.ActiveCfg = Debug|Any CPU
		{A5B43629-F380-4329-B579-B44536D38844}.Debug|Any CPU.Build.0 = Debug|Any CPU
		{A5B43629-F380-4329-B579-B44536D38844}.Release|Any CPU.ActiveCfg = Release|Any CPU
		{A5B43629-F380-4329-B579-B44536D38844}.Release|Any CPU.Build.0 = Release|Any CPU
	EndGlobalSection
	GlobalSection(SolutionProperties) = preSolution
		HideSolutionNode = FALSE
	EndGlobalSection
	GlobalSection(ExtensibilityGlobals) = postSolution
		SolutionGuid = {4A856154-CFED-4772-A9E9-A9EDD08005C1}
	EndGlobalSection
EndGlobal
